// !$*UTF8*$!
{
	archiveVersion = 1;
	classes = {
	};
	objectVersion = 50;
	objects = {

/* Begin PBXBuildFile section */
		9F8B2B492151F5B500336E90 /* AppDelegate.swift in Sources */ = {isa = PBXBuildFile; fileRef = 9F8B2B482151F5B500336E90 /* AppDelegate.swift */; };
		9F8B2B4B2151F5B500336E90 /* CatagoryVC.swift in Sources */ = {isa = PBXBuildFile; fileRef = 9F8B2B4A2151F5B500336E90 /* CatagoryVC.swift */; };
		9F8B2B4E2151F5B500336E90 /* Main.storyboard in Resources */ = {isa = PBXBuildFile; fileRef = 9F8B2B4C2151F5B500336E90 /* Main.storyboard */; };
		9F8B2B502151F5B500336E90 /* Assets.xcassets in Resources */ = {isa = PBXBuildFile; fileRef = 9F8B2B4F2151F5B500336E90 /* Assets.xcassets */; };
		9F8B2B532151F5B500336E90 /* LaunchScreen.storyboard in Resources */ = {isa = PBXBuildFile; fileRef = 9F8B2B512151F5B500336E90 /* LaunchScreen.storyboard */; };
		9F8B2B5E2151F89300336E90 /* CatagoriesCell.swift in Sources */ = {isa = PBXBuildFile; fileRef = 9F8B2B5D2151F89300336E90 /* CatagoriesCell.swift */; };
		9F8B2B602151FA8C00336E90 /* Catagory.swift in Sources */ = {isa = PBXBuildFile; fileRef = 9F8B2B5F2151FA8C00336E90 /* Catagory.swift */; };
		9F8B2B632151FB6900336E90 /* DataServices.swift in Sources */ = {isa = PBXBuildFile; fileRef = 9F8B2B622151FB6900336E90 /* DataServices.swift */; };
		9F8B2B65215209CF00336E90 /* ProductCell.swift in Sources */ = {isa = PBXBuildFile; fileRef = 9F8B2B64215209CF00336E90 /* ProductCell.swift */; };
		9F8B2B6721520B4700336E90 /* Product.swift in Sources */ = {isa = PBXBuildFile; fileRef = 9F8B2B6621520B4700336E90 /* Product.swift */; };
		9F8B2B69215210D500336E90 /* ProductsVC.swift in Sources */ = {isa = PBXBuildFile; fileRef = 9F8B2B68215210D500336E90 /* ProductsVC.swift */; };
		9F8B2B6C21523AE100336E90 /* ExtensionUIVC.swift in Sources */ = {isa = PBXBuildFile; fileRef = 9F8B2B6B21523AE100336E90 /* ExtensionUIVC.swift */; };
/* End PBXBuildFile section */

/* Begin PBXFileReference section */
		9F8B2B452151F5B500336E90 /* Product.app */ = {isa = PBXFileReference; explicitFileType = wrapper.application; includeInIndex = 0; path = Product.app; sourceTree = BUILT_PRODUCTS_DIR; };
		9F8B2B482151F5B500336E90 /* AppDelegate.swift */ = {isa = PBXFileReference; lastKnownFileType = sourcecode.swift; path = AppDelegate.swift; sourceTree = "<group>"; };
		9F8B2B4A2151F5B500336E90 /* CatagoryVC.swift */ = {isa = PBXFileReference; lastKnownFileType = sourcecode.swift; path = CatagoryVC.swift; sourceTree = "<group>"; };
		9F8B2B4D2151F5B500336E90 /* Base */ = {isa = PBXFileReference; lastKnownFileType = file.storyboard; name = Base; path = Base.lproj/Main.storyboard; sourceTree = "<group>"; };
		9F8B2B4F2151F5B500336E90 /* Assets.xcassets */ = {isa = PBXFileReference; lastKnownFileType = folder.assetcatalog; path = Assets.xcassets; sourceTree = "<group>"; };
		9F8B2B522151F5B500336E90 /* Base */ = {isa = PBXFileReference; lastKnownFileType = file.storyboard; name = Base; path = Base.lproj/LaunchScreen.storyboard; sourceTree = "<group>"; };
		9F8B2B542151F5B500336E90 /* Info.plist */ = {isa = PBXFileReference; lastKnownFileType = text.plist.xml; path = Info.plist; sourceTree = "<group>"; };
		9F8B2B5D2151F89300336E90 /* CatagoriesCell.swift */ = {isa = PBXFileReference; lastKnownFileType = sourcecode.swift; path = CatagoriesCell.swift; sourceTree = "<group>"; };
		9F8B2B5F2151FA8C00336E90 /* Catagory.swift */ = {isa = PBXFileReference; lastKnownFileType = sourcecode.swift; path = Catagory.swift; sourceTree = "<group>"; };
		9F8B2B622151FB6900336E90 /* DataServices.swift */ = {isa = PBXFileReference; lastKnownFileType = sourcecode.swift; path = DataServices.swift; sourceTree = "<group>"; };
		9F8B2B64215209CF00336E90 /* ProductCell.swift */ = {isa = PBXFileReference; lastKnownFileType = sourcecode.swift; path = ProductCell.swift; sourceTree = "<group>"; };
		9F8B2B6621520B4700336E90 /* Product.swift */ = {isa = PBXFileReference; lastKnownFileType = sourcecode.swift; path = Product.swift; sourceTree = "<group>"; };
		9F8B2B68215210D500336E90 /* ProductsVC.swift */ = {isa = PBXFileReference; lastKnownFileType = sourcecode.swift; path = ProductsVC.swift; sourceTree = "<group>"; };
		9F8B2B6B21523AE100336E90 /* ExtensionUIVC.swift */ = {isa = PBXFileReference; lastKnownFileType = sourcecode.swift; path = ExtensionUIVC.swift; sourceTree = "<group>"; };
/* End PBXFileReference section */

/* Begin PBXFrameworksBuildPhase section */
		9F8B2B422151F5B500336E90 /* Frameworks */ = {
			isa = PBXFrameworksBuildPhase;
			buildActionMask = 2147483647;
			files = (
			);
			runOnlyForDeploymentPostprocessing = 0;
		};
/* End PBXFrameworksBuildPhase section */

/* Begin PBXGroup section */
		9F8B2B3C2151F5B500336E90 = {
			isa = PBXGroup;
			children = (
				9F8B2B472151F5B500336E90 /* Product */,
				9F8B2B462151F5B500336E90 /* Products */,
			);
			sourceTree = "<group>";
		};
		9F8B2B462151F5B500336E90 /* Products */ = {
			isa = PBXGroup;
			children = (
				9F8B2B452151F5B500336E90 /* Product.app */,
			);
			name = Products;
			sourceTree = "<group>";
		};
		9F8B2B472151F5B500336E90 /* Product */ = {
			isa = PBXGroup;
			children = (
				9F8B2B6A21523ABF00336E90 /* Extension */,
				9F8B2B612151FB4500336E90 /* Services */,
				9F8B2B5A2151F84800336E90 /* View */,
				9F8B2B5B2151F85300336E90 /* Modal */,
				9F8B2B5C2151F86000336E90 /* Controller */,
				9F8B2B4C2151F5B500336E90 /* Main.storyboard */,
				9F8B2B482151F5B500336E90 /* AppDelegate.swift */,
				9F8B2B4F2151F5B500336E90 /* Assets.xcassets */,
				9F8B2B512151F5B500336E90 /* LaunchScreen.storyboard */,
				9F8B2B542151F5B500336E90 /* Info.plist */,
			);
			path = Product;
			sourceTree = "<group>";
		};
		9F8B2B5A2151F84800336E90 /* View */ = {
			isa = PBXGroup;
			children = (
				9F8B2B5D2151F89300336E90 /* CatagoriesCell.swift */,
				9F8B2B64215209CF00336E90 /* ProductCell.swift */,
			);
			path = View;
			sourceTree = "<group>";
		};
		9F8B2B5B2151F85300336E90 /* Modal */ = {
			isa = PBXGroup;
			children = (
				9F8B2B5F2151FA8C00336E90 /* Catagory.swift */,
				9F8B2B6621520B4700336E90 /* Product.swift */,
			);
			path = Modal;
			sourceTree = "<group>";
		};
		9F8B2B5C2151F86000336E90 /* Controller */ = {
			isa = PBXGroup;
			children = (
				9F8B2B4A2151F5B500336E90 /* CatagoryVC.swift */,
				9F8B2B68215210D500336E90 /* ProductsVC.swift */,
			);
			path = Controller;
			sourceTree = "<group>";
		};
		9F8B2B612151FB4500336E90 /* Services */ = {
			isa = PBXGroup;
			children = (
				9F8B2B622151FB6900336E90 /* DataServices.swift */,
			);
			path = Services;
			sourceTree = "<group>";
		};
		9F8B2B6A21523ABF00336E90 /* Extension */ = {
			isa = PBXGroup;
			children = (
				9F8B2B6B21523AE100336E90 /* ExtensionUIVC.swift */,
			);
			path = Extension;
			sourceTree = "<group>";
		};
/* End PBXGroup section */

/* Begin PBXNativeTarget section */
		9F8B2B442151F5B500336E90 /* Product */ = {
			isa = PBXNativeTarget;
			buildConfigurationList = 9F8B2B572151F5B500336E90 /* Build configuration list for PBXNativeTarget "Product" */;
			buildPhases = (
				9F8B2B412151F5B500336E90 /* Sources */,
				9F8B2B422151F5B500336E90 /* Frameworks */,
				9F8B2B432151F5B500336E90 /* Resources */,
			);
			buildRules = (
			);
			dependencies = (
			);
			name = Product;
			productName = Product;
			productReference = 9F8B2B452151F5B500336E90 /* Product.app */;
			productType = "com.apple.product-type.application";
		};
/* End PBXNativeTarget section */

/* Begin PBXProject section */
		9F8B2B3D2151F5B500336E90 /* Project object */ = {
			isa = PBXProject;
			attributes = {
				LastSwiftUpdateCheck = 1000;
				LastUpgradeCheck = 1000;
				ORGANIZATIONNAME = kiran;
				TargetAttributes = {
					9F8B2B442151F5B500336E90 = {
						CreatedOnToolsVersion = 10.0;
					};
				};
			};
			buildConfigurationList = 9F8B2B402151F5B500336E90 /* Build configuration list for PBXProject "Product" */;
			compatibilityVersion = "Xcode 9.3";
			developmentRegion = en;
			hasScannedForEncodings = 0;
			knownRegions = (
				en,
				Base,
			);
			mainGroup = 9F8B2B3C2151F5B500336E90;
			productRefGroup = 9F8B2B462151F5B500336E90 /* Products */;
			projectDirPath = "";
			projectRoot = "";
			targets = (
				9F8B2B442151F5B500336E90 /* Product */,
			);
		};
/* End PBXProject section */

/* Begin PBXResourcesBuildPhase section */
		9F8B2B432151F5B500336E90 /* Resources */ = {
			isa = PBXResourcesBuildPhase;
			buildActionMask = 2147483647;
			files = (
				9F8B2B532151F5B500336E90 /* LaunchScreen.storyboard in Resources */,
				9F8B2B502151F5B500336E90 /* Assets.xcassets in Resources */,
				9F8B2B4E2151F5B500336E90 /* Main.storyboard in Resources */,
			);
			runOnlyForDeploymentPostprocessing = 0;
		};
/* End PBXResourcesBuildPhase section */

/* Begin PBXSourcesBuildPhase section */
		9F8B2B412151F5B500336E90 /* Sources */ = {
			isa = PBXSourcesBuildPhase;
			buildActionMask = 2147483647;
			files = (
				9F8B2B69215210D500336E90 /* ProductsVC.swift in Sources */,
				9F8B2B632151FB6900336E90 /* DataServices.swift in Sources */,
				9F8B2B5E2151F89300336E90 /* CatagoriesCell.swift in Sources */,
				9F8B2B6C21523AE100336E90 /* ExtensionUIVC.swift in Sources */,
				9F8B2B4B2151F5B500336E90 /* CatagoryVC.swift in Sources */,
				9F8B2B65215209CF00336E90 /* ProductCell.swift in Sources */,
				9F8B2B492151F5B500336E90 /* AppDelegate.swift in Sources */,
				9F8B2B602151FA8C00336E90 /* Catagory.swift in Sources */,
				9F8B2B6721520B4700336E90 /* Product.swift in Sources */,
			);
			runOnlyForDeploymentPostprocessing = 0;
		};
/* End PBXSourcesBuildPhase section */

/* Begin PBXVariantGroup section */
		9F8B2B4C2151F5B500336E90 /* Main.storyboard */ = {
			isa = PBXVariantGroup;
			children = (
				9F8B2B4D2151F5B500336E90 /* Base */,
			);
			name = Main.storyboard;
			sourceTree = "<group>";
		};
		9F8B2B512151F5B500336E90 /* LaunchScreen.storyboard */ = {
			isa = PBXVariantGroup;
			children = (
				9F8B2B522151F5B500336E90 /* Base */,
			);
			name = LaunchScreen.storyboard;
			sourceTree = "<group>";
		};
/* End PBXVariantGroup section */

/* Begin XCBuildConfiguration section */
		9F8B2B552151F5B500336E90 /* Debug */ = {
			isa = XCBuildConfiguration;
			buildSettings = {
				ALWAYS_SEARCH_USER_PATHS = NO;
				CLANG_ANALYZER_NONNULL = YES;
				CLANG_ANALYZER_NUMBER_OBJECT_CONVERSION = YES_AGGRESSIVE;
				CLANG_CXX_LANGUAGE_STANDARD = "gnu++14";
				CLANG_CXX_LIBRARY = "libc++";
				CLANG_ENABLE_MODULES = YES;
				CLANG_ENABLE_OBJC_ARC = YES;
				CLANG_ENABLE_OBJC_WEAK = YES;
				CLANG_WARN_BLOCK_CAPTURE_AUTORELEASING = YES;
				CLANG_WARN_BOOL_CONVERSION = YES;
				CLANG_WARN_COMMA = YES;
				CLANG_WARN_CONSTANT_CONVERSION = YES;
				CLANG_WARN_DEPRECATED_OBJC_IMPLEMENTATIONS = YES;
				CLANG_WARN_DIRECT_OBJC_ISA_USAGE = YES_ERROR;
				CLANG_WARN_DOCUMENTATION_COMMENTS = YES;
				CLANG_WARN_EMPTY_BODY = YES;
				CLANG_WARN_ENUM_CONVERSION = YES;
				CLANG_WARN_INFINITE_RECURSION = YES;
				CLANG_WARN_INT_CONVERSION = YES;
				CLANG_WARN_NON_LITERAL_NULL_CONVERSION = YES;
				CLANG_WARN_OBJC_IMPLICIT_RETAIN_SELF = YES;
				CLANG_WARN_OBJC_LITERAL_CONVERSION = YES;
				CLANG_WARN_OBJC_ROOT_CLASS = YES_ERROR;
				CLANG_WARN_RANGE_LOOP_ANALYSIS = YES;
				CLANG_WARN_STRICT_PROTOTYPES = YES;
				CLANG_WARN_SUSPICIOUS_MOVE = YES;
				CLANG_WARN_UNGUARDED_AVAILABILITY = YES_AGGRESSIVE;
				CLANG_WARN_UNREACHABLE_CODE = YES;
				CLANG_WARN__DUPLICATE_METHOD_MATCH = YES;
				CODE_SIGN_IDENTITY = "iPhone Developer";
				COPY_PHASE_STRIP = NO;
				DEBUG_INFORMATION_FORMAT = dwarf;
				ENABLE_STRICT_OBJC_MSGSEND = YES;
				ENABLE_TESTABILITY = YES;
				GCC_C_LANGUAGE_STANDARD = gnu11;
				GCC_DYNAMIC_NO_PIC = NO;
				GCC_NO_COMMON_BLOCKS = YES;
				GCC_OPTIMIZATION_LEVEL = 0;
				GCC_PREPROCESSOR_DEFINITIONS = (
					"DEBUG=1",
					"$(inherited)",
				);
				GCC_WARN_64_TO_32_BIT_CONVERSION = YES;
				GCC_WARN_ABOUT_RETURN_TYPE = YES_ERROR;
				GCC_WARN_UNDECLARED_SELECTOR = YES;
				GCC_WARN_UNINITIALIZED_AUTOS = YES_AGGRESSIVE;
				GCC_WARN_UNUSED_FUNCTION = YES;
				GCC_WARN_UNUSED_VARIABLE = YES;
				IPHONEOS_DEPLOYMENT_TARGET = 12.0;
				MTL_ENABLE_DEBUG_INFO = INCLUDE_SOURCE;
				MTL_FAST_MATH = YES;
				ONLY_ACTIVE_ARCH = YES;
				SDKROOT = iphoneos;
				SWIFT_ACTIVE_COMPILATION_CONDITIONS = DEBUG;
				SWIFT_OPTIMIZATION_LEVEL = "-Onone";
			};
			name = Debug;
		};
		9F8B2B562151F5B500336E90 /* Release */ = {
			isa = XCBuildConfiguration;
			buildSettings = {
				ALWAYS_SEARCH_USER_PATHS = NO;
				CLANG_ANALYZER_NONNULL = YES;
				CLANG_ANALYZER_NUMBER_OBJECT_CONVERSION = YES_AGGRESSIVE;
				CLANG_CXX_LANGUAGE_STANDARD = "gnu++14";
				CLANG_CXX_LIBRARY = "libc++";
				CLANG_ENABLE_MODULES = YES;
				CLANG_ENABLE_OBJC_ARC = YES;
				CLANG_ENABLE_OBJC_WEAK = YES;
				CLANG_WARN_BLOCK_CAPTURE_AUTORELEASING = YES;
				CLANG_WARN_BOOL_CONVERSION = YES;
				CLANG_WARN_COMMA = YES;
				CLANG_WARN_CONSTANT_CONVERSION = YES;
				CLANG_WARN_DEPRECATED_OBJC_IMPLEMENTATIONS = YES;
				CLANG_WARN_DIRECT_OBJC_ISA_USAGE = YES_ERROR;
				CLANG_WARN_DOCUMENTATION_COMMENTS = YES;
				CLANG_WARN_EMPTY_BODY = YES;
				CLANG_WARN_ENUM_CONVERSION = YES;
				CLANG_WARN_INFINITE_RECURSION = YES;
				CLANG_WARN_INT_CONVERSION = YES;
				CLANG_WARN_NON_LITERAL_NULL_CONVERSION = YES;
				CLANG_WARN_OBJC_IMPLICIT_RETAIN_SELF = YES;
				CLANG_WARN_OBJC_LITERAL_CONVERSION = YES;
				CLANG_WARN_OBJC_ROOT_CLASS = YES_ERROR;
				CLANG_WARN_RANGE_LOOP_ANALYSIS = YES;
				CLANG_WARN_STRICT_PROTOTYPES = YES;
				CLANG_WARN_SUSPICIOUS_MOVE = YES;
				CLANG_WARN_UNGUARDED_AVAILABILITY = YES_AGGRESSIVE;
				CLANG_WARN_UNREACHABLE_CODE = YES;
				CLANG_WARN__DUPLICATE_METHOD_MATCH = YES;
				CODE_SIGN_IDENTITY = "iPhone Developer";
				COPY_PHASE_STRIP = NO;
				DEBUG_INFORMATION_FORMAT = "dwarf-with-dsym";
				ENABLE_NS_ASSERTIONS = NO;
				ENABLE_STRICT_OBJC_MSGSEND = YES;
				GCC_C_LANGUAGE_STANDARD = gnu11;
				GCC_NO_COMMON_BLOCKS = YES;
				GCC_WARN_64_TO_32_BIT_CONVERSION = YES;
				GCC_WARN_ABOUT_RETURN_TYPE = YES_ERROR;
				GCC_WARN_UNDECLARED_SELECTOR = YES;
				GCC_WARN_UNINITIALIZED_AUTOS = YES_AGGRESSIVE;
				GCC_WARN_UNUSED_FUNCTION = YES;
				GCC_WARN_UNUSED_VARIABLE = YES;
				IPHONEOS_DEPLOYMENT_TARGET = 12.0;
				MTL_ENABLE_DEBUG_INFO = NO;
				MTL_FAST_MATH = YES;
				SDKROOT = iphoneos;
				SWIFT_COMPILATION_MODE = wholemodule;
				SWIFT_OPTIMIZATION_LEVEL = "-O";
				VALIDATE_PRODUCT = YES;
			};
			name = Release;
		};
		9F8B2B582151F5B500336E90 /* Debug */ = {
			isa = XCBuildConfiguration;
			buildSettings = {
				ASSETCATALOG_COMPILER_APPICON_NAME = AppIcon;
				CODE_SIGN_STYLE = Automatic;
				INFOPLIST_FILE = Product/Info.plist;
				LD_RUNPATH_SEARCH_PATHS = (
					"$(inherited)",
					"@executable_path/Frameworks",
				);
				PRODUCT_BUNDLE_IDENTIFIER = com.kiranrana.Product;
				PRODUCT_NAME = "$(TARGET_NAME)";
				SWIFT_VERSION = 4.2;
				TARGETED_DEVICE_FAMILY = "1,2";
			};
			name = Debug;
		};
		9F8B2B592151F5B500336E90 /* Release */ = {
			isa = XCBuildConfiguration;
			buildSettings = {
				ASSETCATALOG_COMPILER_APPICON_NAME = AppIcon;
				CODE_SIGN_STYLE = Automatic;
				INFOPLIST_FILE = Product/Info.plist;
				LD_RUNPATH_SEARCH_PATHS = (
					"$(inherited)",
					"@executable_path/Frameworks",
				);
				PRODUCT_BUNDLE_IDENTIFIER = com.kiranrana.Product;
				PRODUCT_NAME = "$(TARGET_NAME)";
				SWIFT_VERSION = 4.2;
				TARGETED_DEVICE_FAMILY = "1,2";
			};
			name = Release;
		};
/* End XCBuildConfiguration section */

/* Begin XCConfigurationList section */
		9F8B2B402151F5B500336E90 /* Build configuration list for PBXProject "Product" */ = {
			isa = XCConfigurationList;
			buildConfigurations = (
				9F8B2B552151F5B500336E90 /* Debug */,
				9F8B2B562151F5B500336E90 /* Release */,
			);
			defaultConfigurationIsVisible = 0;
			defaultConfigurationName = Release;
		};
		9F8B2B572151F5B500336E90 /* Build configuration list for PBXNativeTarget "Product" */ = {
			isa = XCConfigurationList;
			buildConfigurations = (
				9F8B2B582151F5B500336E90 /* Debug */,
				9F8B2B592151F5B500336E90 /* Release */,
			);
			defaultConfigurationIsVisible = 0;
			defaultConfigurationName = Release;
		};
/* End XCConfigurationList section */
	};
	rootObject = 9F8B2B3D2151F5B500336E90 /* Project object */;
}
